// !$*UTF8*$!
{
	archiveVersion = 1;
	classes = {
	};
	objectVersion = 56;
	objects = {

/* Begin PBXBuildFile section */
		63C54CCD2BE6F26800749B54 /* AppDelegate.swift in Sources */ = {isa = PBXBuildFile; fileRef = 63C54CCC2BE6F26800749B54 /* AppDelegate.swift */; };
		63C54CCF2BE6F26800749B54 /* SceneDelegate.swift in Sources */ = {isa = PBXBuildFile; fileRef = 63C54CCE2BE6F26800749B54 /* SceneDelegate.swift */; };
		63C54CD12BE6F26800749B54 /* RMTabViewController.swift in Sources */ = {isa = PBXBuildFile; fileRef = 63C54CD02BE6F26800749B54 /* RMTabViewController.swift */; };
		63C54CD62BE6F26900749B54 /* Assets.xcassets in Resources */ = {isa = PBXBuildFile; fileRef = 63C54CD52BE6F26900749B54 /* Assets.xcassets */; };
		63C54CD92BE6F26900749B54 /* LaunchScreen.storyboard in Resources */ = {isa = PBXBuildFile; fileRef = 63C54CD72BE6F26900749B54 /* LaunchScreen.storyboard */; };
		63C54CE82BE6F36400749B54 /* RMLocation.swift in Sources */ = {isa = PBXBuildFile; fileRef = 63C54CE72BE6F36400749B54 /* RMLocation.swift */; };
		63C54CEA2BE6F39800749B54 /* RMCharacter.swift in Sources */ = {isa = PBXBuildFile; fileRef = 63C54CE92BE6F39800749B54 /* RMCharacter.swift */; };
		63C54CEC2BE6F3A400749B54 /* RMEpisode.swift in Sources */ = {isa = PBXBuildFile; fileRef = 63C54CEB2BE6F3A400749B54 /* RMEpisode.swift */; };
		63C54CEF2BE6F49D00749B54 /* RMCharacterViewController.swift in Sources */ = {isa = PBXBuildFile; fileRef = 63C54CEE2BE6F49D00749B54 /* RMCharacterViewController.swift */; };
		63C54CF22BE6F4B400749B54 /* RMLocationViewController.swift in Sources */ = {isa = PBXBuildFile; fileRef = 63C54CF12BE6F4B400749B54 /* RMLocationViewController.swift */; };
		63C54CF42BE6F4BD00749B54 /* RMEpisodeViewController.swift in Sources */ = {isa = PBXBuildFile; fileRef = 63C54CF32BE6F4BD00749B54 /* RMEpisodeViewController.swift */; };
		63C54CF62BE6F4C500749B54 /* RMSettingsViewController.swift in Sources */ = {isa = PBXBuildFile; fileRef = 63C54CF52BE6F4C500749B54 /* RMSettingsViewController.swift */; };
		63C54CF92BE7F45600749B54 /* RMService.swift in Sources */ = {isa = PBXBuildFile; fileRef = 63C54CF82BE7F45600749B54 /* RMService.swift */; };
		63C54CFB2BE7F45D00749B54 /* RMRequest.swift in Sources */ = {isa = PBXBuildFile; fileRef = 63C54CFA2BE7F45D00749B54 /* RMRequest.swift */; };
		63C54CFD2BE8D8B600749B54 /* RMEndpoint.swift in Sources */ = {isa = PBXBuildFile; fileRef = 63C54CFC2BE8D8B600749B54 /* RMEndpoint.swift */; };
		63C54D012BE8F57B00749B54 /* RMOrigin.swift in Sources */ = {isa = PBXBuildFile; fileRef = 63C54D002BE8F57B00749B54 /* RMOrigin.swift */; };
		63C54D032BE8F5BE00749B54 /* RMSingleLocation.swift in Sources */ = {isa = PBXBuildFile; fileRef = 63C54D022BE8F5BE00749B54 /* RMSingleLocation.swift */; };
		63C54D052BE8F6C200749B54 /* RMCharacterStatus.swift in Sources */ = {isa = PBXBuildFile; fileRef = 63C54D042BE8F6C200749B54 /* RMCharacterStatus.swift */; };
		63C54D072BE8F6E700749B54 /* RMCharacterGender.swift in Sources */ = {isa = PBXBuildFile; fileRef = 63C54D062BE8F6E700749B54 /* RMCharacterGender.swift */; };
/* End PBXBuildFile section */

/* Begin PBXFileReference section */
		63C54CC92BE6F26800749B54 /* rickmorty.app */ = {isa = PBXFileReference; explicitFileType = wrapper.application; includeInIndex = 0; path = rickmorty.app; sourceTree = BUILT_PRODUCTS_DIR; };
		63C54CCC2BE6F26800749B54 /* AppDelegate.swift */ = {isa = PBXFileReference; lastKnownFileType = sourcecode.swift; path = AppDelegate.swift; sourceTree = "<group>"; };
		63C54CCE2BE6F26800749B54 /* SceneDelegate.swift */ = {isa = PBXFileReference; lastKnownFileType = sourcecode.swift; path = SceneDelegate.swift; sourceTree = "<group>"; };
		63C54CD02BE6F26800749B54 /* RMTabViewController.swift */ = {isa = PBXFileReference; lastKnownFileType = sourcecode.swift; path = RMTabViewController.swift; sourceTree = "<group>"; };
		63C54CD52BE6F26900749B54 /* Assets.xcassets */ = {isa = PBXFileReference; lastKnownFileType = folder.assetcatalog; path = Assets.xcassets; sourceTree = "<group>"; };
		63C54CD82BE6F26900749B54 /* Base */ = {isa = PBXFileReference; lastKnownFileType = file.storyboard; name = Base; path = Base.lproj/LaunchScreen.storyboard; sourceTree = "<group>"; };
		63C54CDA2BE6F26900749B54 /* Info.plist */ = {isa = PBXFileReference; lastKnownFileType = text.plist.xml; path = Info.plist; sourceTree = "<group>"; };
		63C54CE72BE6F36400749B54 /* RMLocation.swift */ = {isa = PBXFileReference; lastKnownFileType = sourcecode.swift; path = RMLocation.swift; sourceTree = "<group>"; };
		63C54CE92BE6F39800749B54 /* RMCharacter.swift */ = {isa = PBXFileReference; lastKnownFileType = sourcecode.swift; path = RMCharacter.swift; sourceTree = "<group>"; };
		63C54CEB2BE6F3A400749B54 /* RMEpisode.swift */ = {isa = PBXFileReference; lastKnownFileType = sourcecode.swift; path = RMEpisode.swift; sourceTree = "<group>"; };
		63C54CEE2BE6F49D00749B54 /* RMCharacterViewController.swift */ = {isa = PBXFileReference; lastKnownFileType = sourcecode.swift; path = RMCharacterViewController.swift; sourceTree = "<group>"; };
		63C54CF12BE6F4B400749B54 /* RMLocationViewController.swift */ = {isa = PBXFileReference; lastKnownFileType = sourcecode.swift; path = RMLocationViewController.swift; sourceTree = "<group>"; };
		63C54CF32BE6F4BD00749B54 /* RMEpisodeViewController.swift */ = {isa = PBXFileReference; lastKnownFileType = sourcecode.swift; path = RMEpisodeViewController.swift; sourceTree = "<group>"; };
		63C54CF52BE6F4C500749B54 /* RMSettingsViewController.swift */ = {isa = PBXFileReference; lastKnownFileType = sourcecode.swift; path = RMSettingsViewController.swift; sourceTree = "<group>"; };
		63C54CF82BE7F45600749B54 /* RMService.swift */ = {isa = PBXFileReference; lastKnownFileType = sourcecode.swift; path = RMService.swift; sourceTree = "<group>"; };
		63C54CFA2BE7F45D00749B54 /* RMRequest.swift */ = {isa = PBXFileReference; lastKnownFileType = sourcecode.swift; path = RMRequest.swift; sourceTree = "<group>"; };
		63C54CFC2BE8D8B600749B54 /* RMEndpoint.swift */ = {isa = PBXFileReference; lastKnownFileType = sourcecode.swift; path = RMEndpoint.swift; sourceTree = "<group>"; };
		63C54D002BE8F57B00749B54 /* RMOrigin.swift */ = {isa = PBXFileReference; lastKnownFileType = sourcecode.swift; path = RMOrigin.swift; sourceTree = "<group>"; };
		63C54D022BE8F5BE00749B54 /* RMSingleLocation.swift */ = {isa = PBXFileReference; lastKnownFileType = sourcecode.swift; path = RMSingleLocation.swift; sourceTree = "<group>"; };
		63C54D042BE8F6C200749B54 /* RMCharacterStatus.swift */ = {isa = PBXFileReference; lastKnownFileType = sourcecode.swift; path = RMCharacterStatus.swift; sourceTree = "<group>"; };
		63C54D062BE8F6E700749B54 /* RMCharacterGender.swift */ = {isa = PBXFileReference; lastKnownFileType = sourcecode.swift; path = RMCharacterGender.swift; sourceTree = "<group>"; };
/* End PBXFileReference section */

/* Begin PBXFrameworksBuildPhase section */
		63C54CC62BE6F26800749B54 /* Frameworks */ = {
			isa = PBXFrameworksBuildPhase;
			buildActionMask = 2147483647;
			files = (
			);
			runOnlyForDeploymentPostprocessing = 0;
		};
/* End PBXFrameworksBuildPhase section */

/* Begin PBXGroup section */
		63C54CC02BE6F26800749B54 = {
			isa = PBXGroup;
			children = (
				63C54CCB2BE6F26800749B54 /* rickmorty */,
				63C54CCA2BE6F26800749B54 /* Products */,
			);
			sourceTree = "<group>";
		};
		63C54CCA2BE6F26800749B54 /* Products */ = {
			isa = PBXGroup;
			children = (
				63C54CC92BE6F26800749B54 /* rickmorty.app */,
			);
			name = Products;
			sourceTree = "<group>";
		};
		63C54CCB2BE6F26800749B54 /* rickmorty */ = {
			isa = PBXGroup;
			children = (
				63C54CE62BE6F2E900749B54 /* Resources */,
				63C54CE52BE6F2E000749B54 /* Managers */,
				63C54CE42BE6F2CB00749B54 /* APIClient */,
				63C54CE32BE6F2C600749B54 /* ViewModels */,
				63C54CE22BE6F2C200749B54 /* Views */,
				63C54CE12BE6F2BF00749B54 /* Models */,
				63C54CE02BE6F2BB00749B54 /* Controllers */,
				63C54CDA2BE6F26900749B54 /* Info.plist */,
			);
			path = rickmorty;
			sourceTree = "<group>";
		};
		63C54CE02BE6F2BB00749B54 /* Controllers */ = {
			isa = PBXGroup;
			children = (
				63C54CED2BE6F46400749B54 /* Core */,
			);
			path = Controllers;
			sourceTree = "<group>";
		};
		63C54CE12BE6F2BF00749B54 /* Models */ = {
			isa = PBXGroup;
			children = (
				63C54CE72BE6F36400749B54 /* RMLocation.swift */,
				63C54CEB2BE6F3A400749B54 /* RMEpisode.swift */,
				63C54CE92BE6F39800749B54 /* RMCharacter.swift */,
				63C54D042BE8F6C200749B54 /* RMCharacterStatus.swift */,
				63C54D062BE8F6E700749B54 /* RMCharacterGender.swift */,
				63C54D022BE8F5BE00749B54 /* RMSingleLocation.swift */,
				63C54D002BE8F57B00749B54 /* RMOrigin.swift */,
			);
			path = Models;
			sourceTree = "<group>";
		};
		63C54CE22BE6F2C200749B54 /* Views */ = {
			isa = PBXGroup;
			children = (
			);
			path = Views;
			sourceTree = "<group>";
		};
		63C54CE32BE6F2C600749B54 /* ViewModels */ = {
			isa = PBXGroup;
			children = (
			);
			path = ViewModels;
			sourceTree = "<group>";
		};
		63C54CE42BE6F2CB00749B54 /* APIClient */ = {
			isa = PBXGroup;
			children = (
				63C54CF82BE7F45600749B54 /* RMService.swift */,
				63C54CFA2BE7F45D00749B54 /* RMRequest.swift */,
				63C54CFC2BE8D8B600749B54 /* RMEndpoint.swift */,
			);
			path = APIClient;
			sourceTree = "<group>";
		};
		63C54CE52BE6F2E000749B54 /* Managers */ = {
			isa = PBXGroup;
			children = (
			);
			path = Managers;
			sourceTree = "<group>";
		};
		63C54CE62BE6F2E900749B54 /* Resources */ = {
			isa = PBXGroup;
			children = (
				63C54CCC2BE6F26800749B54 /* AppDelegate.swift */,
				63C54CCE2BE6F26800749B54 /* SceneDelegate.swift */,
				63C54CD52BE6F26900749B54 /* Assets.xcassets */,
				63C54CD72BE6F26900749B54 /* LaunchScreen.storyboard */,
			);
			path = Resources;
			sourceTree = "<group>";
		};
		63C54CED2BE6F46400749B54 /* Core */ = {
			isa = PBXGroup;
			children = (
				63C54CD02BE6F26800749B54 /* RMTabViewController.swift */,
				63C54CEE2BE6F49D00749B54 /* RMCharacterViewController.swift */,
				63C54CF12BE6F4B400749B54 /* RMLocationViewController.swift */,
				63C54CF32BE6F4BD00749B54 /* RMEpisodeViewController.swift */,
				63C54CF52BE6F4C500749B54 /* RMSettingsViewController.swift */,
			);
			path = Core;
			sourceTree = "<group>";
		};
/* End PBXGroup section */

/* Begin PBXNativeTarget section */
		63C54CC82BE6F26800749B54 /* rickmorty */ = {
			isa = PBXNativeTarget;
			buildConfigurationList = 63C54CDD2BE6F26900749B54 /* Build configuration list for PBXNativeTarget "rickmorty" */;
			buildPhases = (
				63C54CC52BE6F26800749B54 /* Sources */,
				63C54CC62BE6F26800749B54 /* Frameworks */,
				63C54CC72BE6F26800749B54 /* Resources */,
			);
			buildRules = (
			);
			dependencies = (
			);
			name = rickmorty;
			productName = rickmorty;
			productReference = 63C54CC92BE6F26800749B54 /* rickmorty.app */;
			productType = "com.apple.product-type.application";
		};
/* End PBXNativeTarget section */

/* Begin PBXProject section */
		63C54CC12BE6F26800749B54 /* Project object */ = {
			isa = PBXProject;
			attributes = {
				BuildIndependentTargetsInParallel = 1;
				LastSwiftUpdateCheck = 1500;
				LastUpgradeCheck = 1500;
				TargetAttributes = {
					63C54CC82BE6F26800749B54 = {
						CreatedOnToolsVersion = 15.0;
					};
				};
			};
			buildConfigurationList = 63C54CC42BE6F26800749B54 /* Build configuration list for PBXProject "rickmorty" */;
			compatibilityVersion = "Xcode 14.0";
			developmentRegion = en;
			hasScannedForEncodings = 0;
			knownRegions = (
				en,
				Base,
			);
			mainGroup = 63C54CC02BE6F26800749B54;
			productRefGroup = 63C54CCA2BE6F26800749B54 /* Products */;
			projectDirPath = "";
			projectRoot = "";
			targets = (
				63C54CC82BE6F26800749B54 /* rickmorty */,
			);
		};
/* End PBXProject section */

/* Begin PBXResourcesBuildPhase section */
		63C54CC72BE6F26800749B54 /* Resources */ = {
			isa = PBXResourcesBuildPhase;
			buildActionMask = 2147483647;
			files = (
				63C54CD92BE6F26900749B54 /* LaunchScreen.storyboard in Resources */,
				63C54CD62BE6F26900749B54 /* Assets.xcassets in Resources */,
			);
			runOnlyForDeploymentPostprocessing = 0;
		};
/* End PBXResourcesBuildPhase section */

/* Begin PBXSourcesBuildPhase section */
		63C54CC52BE6F26800749B54 /* Sources */ = {
			isa = PBXSourcesBuildPhase;
			buildActionMask = 2147483647;
			files = (
				63C54D012BE8F57B00749B54 /* RMOrigin.swift in Sources */,
				63C54D032BE8F5BE00749B54 /* RMSingleLocation.swift in Sources */,
				63C54D052BE8F6C200749B54 /* RMCharacterStatus.swift in Sources */,
				63C54D072BE8F6E700749B54 /* RMCharacterGender.swift in Sources */,
				63C54CF22BE6F4B400749B54 /* RMLocationViewController.swift in Sources */,
				63C54CEC2BE6F3A400749B54 /* RMEpisode.swift in Sources */,
				63C54CD12BE6F26800749B54 /* RMTabViewController.swift in Sources */,
				63C54CF42BE6F4BD00749B54 /* RMEpisodeViewController.swift in Sources */,
				63C54CCD2BE6F26800749B54 /* AppDelegate.swift in Sources */,
				63C54CE82BE6F36400749B54 /* RMLocation.swift in Sources */,
				63C54CF62BE6F4C500749B54 /* RMSettingsViewController.swift in Sources */,
				63C54CF92BE7F45600749B54 /* RMService.swift in Sources */,
				63C54CCF2BE6F26800749B54 /* SceneDelegate.swift in Sources */,
				63C54CFD2BE8D8B600749B54 /* RMEndpoint.swift in Sources */,
				63C54CEA2BE6F39800749B54 /* RMCharacter.swift in Sources */,
				63C54CFB2BE7F45D00749B54 /* RMRequest.swift in Sources */,
				63C54CEF2BE6F49D00749B54 /* RMCharacterViewController.swift in Sources */,
			);
			runOnlyForDeploymentPostprocessing = 0;
		};
/* End PBXSourcesBuildPhase section */

/* Begin PBXVariantGroup section */
		63C54CD72BE6F26900749B54 /* LaunchScreen.storyboard */ = {
			isa = PBXVariantGroup;
			children = (
				63C54CD82BE6F26900749B54 /* Base */,
			);
			name = LaunchScreen.storyboard;
			sourceTree = "<group>";
		};
/* End PBXVariantGroup section */

/* Begin XCBuildConfiguration section */
		63C54CDB2BE6F26900749B54 /* Debug */ = {
			isa = XCBuildConfiguration;
			buildSettings = {
				ALWAYS_SEARCH_USER_PATHS = NO;
				ASSETCATALOG_COMPILER_GENERATE_SWIFT_ASSET_SYMBOL_EXTENSIONS = YES;
				CLANG_ANALYZER_NONNULL = YES;
				CLANG_ANALYZER_NUMBER_OBJECT_CONVERSION = YES_AGGRESSIVE;
				CLANG_CXX_LANGUAGE_STANDARD = "gnu++20";
				CLANG_ENABLE_MODULES = YES;
				CLANG_ENABLE_OBJC_ARC = YES;
				CLANG_ENABLE_OBJC_WEAK = YES;
				CLANG_WARN_BLOCK_CAPTURE_AUTORELEASING = YES;
				CLANG_WARN_BOOL_CONVERSION = YES;
				CLANG_WARN_COMMA = YES;
				CLANG_WARN_CONSTANT_CONVERSION = YES;
				CLANG_WARN_DEPRECATED_OBJC_IMPLEMENTATIONS = YES;
				CLANG_WARN_DIRECT_OBJC_ISA_USAGE = YES_ERROR;
				CLANG_WARN_DOCUMENTATION_COMMENTS = YES;
				CLANG_WARN_EMPTY_BODY = YES;
				CLANG_WARN_ENUM_CONVERSION = YES;
				CLANG_WARN_INFINITE_RECURSION = YES;
				CLANG_WARN_INT_CONVERSION = YES;
				CLANG_WARN_NON_LITERAL_NULL_CONVERSION = YES;
				CLANG_WARN_OBJC_IMPLICIT_RETAIN_SELF = YES;
				CLANG_WARN_OBJC_LITERAL_CONVERSION = YES;
				CLANG_WARN_OBJC_ROOT_CLASS = YES_ERROR;
				CLANG_WARN_QUOTED_INCLUDE_IN_FRAMEWORK_HEADER = YES;
				CLANG_WARN_RANGE_LOOP_ANALYSIS = YES;
				CLANG_WARN_STRICT_PROTOTYPES = YES;
				CLANG_WARN_SUSPICIOUS_MOVE = YES;
				CLANG_WARN_UNGUARDED_AVAILABILITY = YES_AGGRESSIVE;
				CLANG_WARN_UNREACHABLE_CODE = YES;
				CLANG_WARN__DUPLICATE_METHOD_MATCH = YES;
				COPY_PHASE_STRIP = NO;
				DEBUG_INFORMATION_FORMAT = dwarf;
				ENABLE_STRICT_OBJC_MSGSEND = YES;
				ENABLE_TESTABILITY = YES;
				ENABLE_USER_SCRIPT_SANDBOXING = YES;
				GCC_C_LANGUAGE_STANDARD = gnu17;
				GCC_DYNAMIC_NO_PIC = NO;
				GCC_NO_COMMON_BLOCKS = YES;
				GCC_OPTIMIZATION_LEVEL = 0;
				GCC_PREPROCESSOR_DEFINITIONS = (
					"DEBUG=1",
					"$(inherited)",
				);
				GCC_WARN_64_TO_32_BIT_CONVERSION = YES;
				GCC_WARN_ABOUT_RETURN_TYPE = YES_ERROR;
				GCC_WARN_UNDECLARED_SELECTOR = YES;
				GCC_WARN_UNINITIALIZED_AUTOS = YES_AGGRESSIVE;
				GCC_WARN_UNUSED_FUNCTION = YES;
				GCC_WARN_UNUSED_VARIABLE = YES;
				IPHONEOS_DEPLOYMENT_TARGET = 17.0;
				LOCALIZATION_PREFERS_STRING_CATALOGS = YES;
				MTL_ENABLE_DEBUG_INFO = INCLUDE_SOURCE;
				MTL_FAST_MATH = YES;
				ONLY_ACTIVE_ARCH = YES;
				SDKROOT = iphoneos;
				SWIFT_ACTIVE_COMPILATION_CONDITIONS = "DEBUG $(inherited)";
				SWIFT_OPTIMIZATION_LEVEL = "-Onone";
			};
			name = Debug;
		};
		63C54CDC2BE6F26900749B54 /* Release */ = {
			isa = XCBuildConfiguration;
			buildSettings = {
				ALWAYS_SEARCH_USER_PATHS = NO;
				ASSETCATALOG_COMPILER_GENERATE_SWIFT_ASSET_SYMBOL_EXTENSIONS = YES;
				CLANG_ANALYZER_NONNULL = YES;
				CLANG_ANALYZER_NUMBER_OBJECT_CONVERSION = YES_AGGRESSIVE;
				CLANG_CXX_LANGUAGE_STANDARD = "gnu++20";
				CLANG_ENABLE_MODULES = YES;
				CLANG_ENABLE_OBJC_ARC = YES;
				CLANG_ENABLE_OBJC_WEAK = YES;
				CLANG_WARN_BLOCK_CAPTURE_AUTORELEASING = YES;
				CLANG_WARN_BOOL_CONVERSION = YES;
				CLANG_WARN_COMMA = YES;
				CLANG_WARN_CONSTANT_CONVERSION = YES;
				CLANG_WARN_DEPRECATED_OBJC_IMPLEMENTATIONS = YES;
				CLANG_WARN_DIRECT_OBJC_ISA_USAGE = YES_ERROR;
				CLANG_WARN_DOCUMENTATION_COMMENTS = YES;
				CLANG_WARN_EMPTY_BODY = YES;
				CLANG_WARN_ENUM_CONVERSION = YES;
				CLANG_WARN_INFINITE_RECURSION = YES;
				CLANG_WARN_INT_CONVERSION = YES;
				CLANG_WARN_NON_LITERAL_NULL_CONVERSION = YES;
				CLANG_WARN_OBJC_IMPLICIT_RETAIN_SELF = YES;
				CLANG_WARN_OBJC_LITERAL_CONVERSION = YES;
				CLANG_WARN_OBJC_ROOT_CLASS = YES_ERROR;
				CLANG_WARN_QUOTED_INCLUDE_IN_FRAMEWORK_HEADER = YES;
				CLANG_WARN_RANGE_LOOP_ANALYSIS = YES;
				CLANG_WARN_STRICT_PROTOTYPES = YES;
				CLANG_WARN_SUSPICIOUS_MOVE = YES;
				CLANG_WARN_UNGUARDED_AVAILABILITY = YES_AGGRESSIVE;
				CLANG_WARN_UNREACHABLE_CODE = YES;
				CLANG_WARN__DUPLICATE_METHOD_MATCH = YES;
				COPY_PHASE_STRIP = NO;
				DEBUG_INFORMATION_FORMAT = "dwarf-with-dsym";
				ENABLE_NS_ASSERTIONS = NO;
				ENABLE_STRICT_OBJC_MSGSEND = YES;
				ENABLE_USER_SCRIPT_SANDBOXING = YES;
				GCC_C_LANGUAGE_STANDARD = gnu17;
				GCC_NO_COMMON_BLOCKS = YES;
				GCC_WARN_64_TO_32_BIT_CONVERSION = YES;
				GCC_WARN_ABOUT_RETURN_TYPE = YES_ERROR;
				GCC_WARN_UNDECLARED_SELECTOR = YES;
				GCC_WARN_UNINITIALIZED_AUTOS = YES_AGGRESSIVE;
				GCC_WARN_UNUSED_FUNCTION = YES;
				GCC_WARN_UNUSED_VARIABLE = YES;
				IPHONEOS_DEPLOYMENT_TARGET = 17.0;
				LOCALIZATION_PREFERS_STRING_CATALOGS = YES;
				MTL_ENABLE_DEBUG_INFO = NO;
				MTL_FAST_MATH = YES;
				SDKROOT = iphoneos;
				SWIFT_COMPILATION_MODE = wholemodule;
				VALIDATE_PRODUCT = YES;
			};
			name = Release;
		};
		63C54CDE2BE6F26900749B54 /* Debug */ = {
			isa = XCBuildConfiguration;
			buildSettings = {
				ASSETCATALOG_COMPILER_APPICON_NAME = AppIcon;
				ASSETCATALOG_COMPILER_GLOBAL_ACCENT_COLOR_NAME = AccentColor;
				CODE_SIGN_STYLE = Automatic;
				CURRENT_PROJECT_VERSION = 1;
				GENERATE_INFOPLIST_FILE = YES;
				INFOPLIST_FILE = rickmorty/Info.plist;
				INFOPLIST_KEY_UIApplicationSupportsIndirectInputEvents = YES;
				INFOPLIST_KEY_UILaunchStoryboardName = LaunchScreen;
				INFOPLIST_KEY_UISupportedInterfaceOrientations_iPad = "UIInterfaceOrientationPortrait UIInterfaceOrientationPortraitUpsideDown UIInterfaceOrientationLandscapeLeft UIInterfaceOrientationLandscapeRight";
				INFOPLIST_KEY_UISupportedInterfaceOrientations_iPhone = "UIInterfaceOrientationPortrait UIInterfaceOrientationLandscapeLeft UIInterfaceOrientationLandscapeRight";
				LD_RUNPATH_SEARCH_PATHS = (
					"$(inherited)",
					"@executable_path/Frameworks",
				);
				MARKETING_VERSION = 1.0;
				PRODUCT_BUNDLE_IDENTIFIER = kujtimsaliu.rickmorty;
				PRODUCT_NAME = "$(TARGET_NAME)";
				SWIFT_EMIT_LOC_STRINGS = YES;
				SWIFT_VERSION = 5.0;
				TARGETED_DEVICE_FAMILY = "1,2";
			};
			name = Debug;
		};
		63C54CDF2BE6F26900749B54 /* Release */ = {
			isa = XCBuildConfiguration;
			buildSettings = {
				ASSETCATALOG_COMPILER_APPICON_NAME = AppIcon;
				ASSETCATALOG_COMPILER_GLOBAL_ACCENT_COLOR_NAME = AccentColor;
				CODE_SIGN_STYLE = Automatic;
				CURRENT_PROJECT_VERSION = 1;
				GENERATE_INFOPLIST_FILE = YES;
				INFOPLIST_FILE = rickmorty/Info.plist;
				INFOPLIST_KEY_UIApplicationSupportsIndirectInputEvents = YES;
				INFOPLIST_KEY_UILaunchStoryboardName = LaunchScreen;
				INFOPLIST_KEY_UISupportedInterfaceOrientations_iPad = "UIInterfaceOrientationPortrait UIInterfaceOrientationPortraitUpsideDown UIInterfaceOrientationLandscapeLeft UIInterfaceOrientationLandscapeRight";
				INFOPLIST_KEY_UISupportedInterfaceOrientations_iPhone = "UIInterfaceOrientationPortrait UIInterfaceOrientationLandscapeLeft UIInterfaceOrientationLandscapeRight";
				LD_RUNPATH_SEARCH_PATHS = (
					"$(inherited)",
					"@executable_path/Frameworks",
				);
				MARKETING_VERSION = 1.0;
				PRODUCT_BUNDLE_IDENTIFIER = kujtimsaliu.rickmorty;
				PRODUCT_NAME = "$(TARGET_NAME)";
				SWIFT_EMIT_LOC_STRINGS = YES;
				SWIFT_VERSION = 5.0;
				TARGETED_DEVICE_FAMILY = "1,2";
			};
			name = Release;
		};
/* End XCBuildConfiguration section */

/* Begin XCConfigurationList section */
		63C54CC42BE6F26800749B54 /* Build configuration list for PBXProject "rickmorty" */ = {
			isa = XCConfigurationList;
			buildConfigurations = (
				63C54CDB2BE6F26900749B54 /* Debug */,
				63C54CDC2BE6F26900749B54 /* Release */,
			);
			defaultConfigurationIsVisible = 0;
			defaultConfigurationName = Release;
		};
		63C54CDD2BE6F26900749B54 /* Build configuration list for PBXNativeTarget "rickmorty" */ = {
			isa = XCConfigurationList;
			buildConfigurations = (
				63C54CDE2BE6F26900749B54 /* Debug */,
				63C54CDF2BE6F26900749B54 /* Release */,
			);
			defaultConfigurationIsVisible = 0;
			defaultConfigurationName = Release;
		};
/* End XCConfigurationList section */
	};
	rootObject = 63C54CC12BE6F26800749B54 /* Project object */;
}
